{
    "_readme": [
        "This file locks the dependencies of your project to a known state",
        "Read more about it at https://getcomposer.org/doc/01-basic-usage.md#installing-dependencies",
        "This file is @generated automatically"
    ],
    "content-hash": "e57f77978de7817f85594a0b8642ee26",
    "packages": [
        {
            "name": "composer/installers",
            "version": "v1.6.0",
            "source": {
                "type": "git",
                "url": "https://github.com/composer/installers.git",
                "reference": "cfcca6b1b60bc4974324efb5783c13dca6932b5b"
            },
            "dist": {
                "type": "zip",
                "url": "https://api.github.com/repos/composer/installers/zipball/cfcca6b1b60bc4974324efb5783c13dca6932b5b",
                "reference": "cfcca6b1b60bc4974324efb5783c13dca6932b5b",
                "shasum": ""
            },
            "require": {
                "composer-plugin-api": "^1.0"
            },
            "replace": {
                "roundcube/plugin-installer": "*",
                "shama/baton": "*"
            },
            "require-dev": {
                "composer/composer": "1.0.*@dev",
                "phpunit/phpunit": "^4.8.36"
            },
            "type": "composer-plugin",
            "extra": {
                "class": "Composer\\Installers\\Plugin",
                "branch-alias": {
                    "dev-master": "1.0-dev"
                }
            },
            "autoload": {
                "psr-4": {
                    "Composer\\Installers\\": "src/Composer/Installers"
                }
            },
            "notification-url": "https://packagist.org/downloads/",
            "license": [
                "MIT"
            ],
            "authors": [
                {
                    "name": "Kyle Robinson Young",
                    "email": "kyle@dontkry.com",
                    "homepage": "https://github.com/shama"
                }
            ],
            "description": "A multi-framework Composer library installer",
            "homepage": "https://composer.github.io/installers/",
            "keywords": [
                "Craft",
                "Dolibarr",
                "Eliasis",
                "Hurad",
                "ImageCMS",
                "Kanboard",
                "Lan Management System",
                "MODX Evo",
                "Mautic",
                "Maya",
                "OXID",
                "Plentymarkets",
                "Porto",
                "RadPHP",
                "SMF",
                "Thelia",
                "WolfCMS",
                "agl",
                "aimeos",
                "annotatecms",
                "attogram",
                "bitrix",
                "cakephp",
                "chef",
                "cockpit",
                "codeigniter",
                "concrete5",
                "croogo",
                "dokuwiki",
                "drupal",
                "eZ Platform",
                "elgg",
                "expressionengine",
                "fuelphp",
                "grav",
                "installer",
                "itop",
                "joomla",
                "kohana",
                "laravel",
                "lavalite",
                "lithium",
                "magento",
                "majima",
                "mako",
                "mediawiki",
                "modulework",
                "modx",
                "moodle",
                "osclass",
                "phpbb",
                "piwik",
                "ppi",
                "puppet",
                "pxcms",
                "reindex",
                "roundcube",
                "shopware",
                "silverstripe",
                "sydes",
                "symfony",
                "typo3",
                "wordpress",
                "yawik",
                "zend",
                "zikula"
            ],
            "time": "2018-08-27T06:10:37+00:00"
        },
        {
            "name": "deliciousbrains-plugin/wp-migrate-db-pro",
            "version": "1.9.8",
            "dist": {
                "type": "zip",
                "url": "https://composer.deliciousbrains.com/?wc-api=delicious-brains&request=composer_download&package=wp-migrate-db-pro&version=1.9.8&composer_key=3998821A01BD70FAD9531E70B4F5EE17"
            },
            "require": {
                "composer/installers": "~1.0"
            },
            "type": "wordpress-plugin"
        },
        {
            "name": "deliciousbrains-plugin/wp-migrate-db-pro-cli",
            "version": "1.3.5",
            "dist": {
                "type": "zip",
                "url": "https://api.deliciousbrains.com/?wc-api=delicious-brains&request=composer_download&package=wp-migrate-db-pro-cli&version=1.3.5&composer_key=3998821A01BD70FAD9531E70B4F5EE17"
            },
            "require": {
                "composer/installers": "~1.0"
            },
            "type": "wordpress-plugin"
        },
        {
            "name": "deliciousbrains-plugin/wp-migrate-db-pro-media-files",
            "version": "1.4.14",
            "dist": {
                "type": "zip",
                "url": "https://composer.deliciousbrains.com/?wc-api=delicious-brains&request=composer_download&package=wp-migrate-db-pro-media-files&version=1.4.14&composer_key=3998821A01BD70FAD9531E70B4F5EE17"
            },
            "require": {
                "composer/installers": "~1.0"
            },
            "type": "wordpress-plugin"
        },
        {
            "name": "deliciousbrains-plugin/wp-offload-media",
            "version": "2.1.1",
            "dist": {
                "type": "zip",
                "url": "https://composer.deliciousbrains.com/?wc-api=delicious-brains&request=composer_download&package=wp-offload-media&version=2.1.1&composer_key=3998821A01BD70FAD9531E70B4F5EE17"
            },
            "require": {
                "composer/installers": "~1.0"
            },
            "type": "wordpress-plugin",
            "extra": {
                "installer-name": "amazon-s3-and-cloudfront-pro"
            }
        },
        {
            "name": "mcguffin/acf-duplicate-repeater",
            "version": "1.0",
            "dist": {
                "type": "zip",
                "url": "https://github.com/mcguffin/acf-duplicate-repeater/archive/master.zip"
            },
            "type": "wordpress-plugin"
        },
        {
            "name": "nickford/acf-swatch",
            "version": "1.0.7",
            "source": {
                "type": "git",
                "url": "https://github.com/nickforddesign/acf-swatch.git",
                "reference": "a4b814d9f10fac04032bc5c3f74ac4ce0572fc6b"
            },
            "dist": {
                "type": "zip",
                "url": "https://api.github.com/repos/nickforddesign/acf-swatch/zipball/a4b814d9f10fac04032bc5c3f74ac4ce0572fc6b",
                "reference": "a4b814d9f10fac04032bc5c3f74ac4ce0572fc6b",
                "shasum": ""
            },
            "type": "wordpress-plugin",
            "notification-url": "https://packagist.org/downloads/",
            "license": [
                "MIT"
            ],
            "authors": [
                {
                    "name": "Nick Ford",
                    "email": "nickforddesign@gmail.com"
                }
            ],
            "description": "This is a simple ACF Add-on field allowing the creation of color swatches that behave as radio buttons.",
            "time": "2018-11-29T16:23:16+00:00"
        },
        {
            "name": "phpoption/phpoption",
            "version": "1.5.0",
            "source": {
                "type": "git",
                "url": "https://github.com/schmittjoh/php-option.git",
                "reference": "94e644f7d2051a5f0fcf77d81605f152eecff0ed"
            },
            "dist": {
                "type": "zip",
                "url": "https://api.github.com/repos/schmittjoh/php-option/zipball/94e644f7d2051a5f0fcf77d81605f152eecff0ed",
                "reference": "94e644f7d2051a5f0fcf77d81605f152eecff0ed",
                "shasum": ""
            },
            "require": {
                "php": ">=5.3.0"
            },
            "require-dev": {
                "phpunit/phpunit": "4.7.*"
            },
            "type": "library",
            "extra": {
                "branch-alias": {
                    "dev-master": "1.3-dev"
                }
            },
            "autoload": {
                "psr-0": {
                    "PhpOption\\": "src/"
                }
            },
            "notification-url": "https://packagist.org/downloads/",
            "license": [
                "Apache2"
            ],
            "authors": [
                {
                    "name": "Johannes M. Schmitt",
                    "email": "schmittjoh@gmail.com"
                }
            ],
            "description": "Option Type for PHP",
            "keywords": [
                "language",
                "option",
                "php",
                "type"
            ],
            "time": "2015-07-25T16:39:46+00:00"
        },
        {
            "name": "pyxl/acf-pro",
            "version": "5.7.13",
            "dist": {
                "type": "zip",
                "url": "https://pyxl-bucket.s3.amazonaws.com/public-access/wordpress/plugins/acf/advanced-custom-fields-pro.5.7.13.zip"
            },
            "type": "wordpress-plugin"
        },
        {
            "name": "pyxl/gravity-forms",
            "version": "2.4.3",
            "dist": {
                "type": "zip",
                "url": "https://pyxl-bucket.s3.amazonaws.com/public-access/wordpress/plugins/gravityforms/gravityforms_2.4.3.zip"
            },
            "type": "wordpress-plugin"
        },
        {
            "name": "symfony/polyfill-ctype",
            "version": "v1.11.0",
            "source": {
                "type": "git",
                "url": "https://github.com/symfony/polyfill-ctype.git",
                "reference": "82ebae02209c21113908c229e9883c419720738a"
            },
            "dist": {
                "type": "zip",
                "url": "https://api.github.com/repos/symfony/polyfill-ctype/zipball/82ebae02209c21113908c229e9883c419720738a",
                "reference": "82ebae02209c21113908c229e9883c419720738a",
                "shasum": ""
            },
            "require": {
                "php": ">=5.3.3"
            },
            "suggest": {
                "ext-ctype": "For best performance"
            },
            "type": "library",
            "extra": {
                "branch-alias": {
                    "dev-master": "1.11-dev"
                }
            },
            "autoload": {
                "psr-4": {
                    "Symfony\\Polyfill\\Ctype\\": ""
                },
                "files": [
                    "bootstrap.php"
                ]
            },
            "notification-url": "https://packagist.org/downloads/",
            "license": [
                "MIT"
            ],
            "authors": [
                {
                    "name": "Symfony Community",
                    "homepage": "https://symfony.com/contributors"
                },
                {
                    "name": "Gert de Pagter",
                    "email": "backendtea@gmail.com"
                }
            ],
            "description": "Symfony polyfill for ctype functions",
            "homepage": "https://symfony.com",
            "keywords": [
                "compatibility",
                "ctype",
                "polyfill",
                "portable"
            ],
            "time": "2019-02-06T07:57:58+00:00"
        },
        {
            "name": "vlucas/phpdotenv",
            "version": "v3.3.3",
            "source": {
                "type": "git",
                "url": "https://github.com/vlucas/phpdotenv.git",
                "reference": "dbcc609971dd9b55f48b8008b553d79fd372ddde"
            },
            "dist": {
                "type": "zip",
                "url": "https://api.github.com/repos/vlucas/phpdotenv/zipball/dbcc609971dd9b55f48b8008b553d79fd372ddde",
                "reference": "dbcc609971dd9b55f48b8008b553d79fd372ddde",
                "shasum": ""
            },
            "require": {
                "php": "^5.4 || ^7.0",
                "phpoption/phpoption": "^1.5",
                "symfony/polyfill-ctype": "^1.9"
            },
            "require-dev": {
                "phpunit/phpunit": "^4.8.35 || ^5.0 || ^6.0"
            },
            "type": "library",
            "extra": {
                "branch-alias": {
                    "dev-master": "3.3-dev"
                }
            },
            "autoload": {
                "psr-4": {
                    "Dotenv\\": "src/"
                }
            },
            "notification-url": "https://packagist.org/downloads/",
            "license": [
                "BSD-3-Clause"
            ],
            "authors": [
                {
                    "name": "Vance Lucas",
                    "email": "vance@vancelucas.com",
                    "homepage": "http://www.vancelucas.com"
                }
            ],
            "description": "Loads environment variables from `.env` to `getenv()`, `$_ENV` and `$_SERVER` automagically.",
            "keywords": [
                "dotenv",
                "env",
                "environment"
            ],
            "time": "2019-03-06T09:39:45+00:00"
        },
        {
            "name": "wpackagist-plugin/acf-image-crop-add-on",
            "version": "1.4.12",
            "source": {
                "type": "svn",
                "url": "https://plugins.svn.wordpress.org/acf-image-crop-add-on/",
                "reference": "tags/1.4.12"
            },
            "dist": {
                "type": "zip",
                "url": "https://downloads.wordpress.org/plugin/acf-image-crop-add-on.1.4.12.zip"
            },
            "require": {
                "composer/installers": "~1.0"
            },
            "type": "wordpress-plugin",
            "homepage": "https://wordpress.org/plugins/acf-image-crop-add-on/"
        },
        {
            "name": "wpackagist-plugin/acf-repeater-flexible-content-collapser",
            "version": "1.2.3",
            "source": {
                "type": "svn",
                "url": "https://plugins.svn.wordpress.org/acf-repeater-flexible-content-collapser/",
                "reference": "tags/1.2.3"
            },
            "dist": {
                "type": "zip",
                "url": "https://downloads.wordpress.org/plugin/acf-repeater-flexible-content-collapser.1.2.3.zip"
            },
            "require": {
                "composer/installers": "~1.0"
            },
            "type": "wordpress-plugin",
            "homepage": "https://wordpress.org/plugins/acf-repeater-flexible-content-collapser/"
        },
        {
            "name": "wpackagist-plugin/imsanity",
            "version": "2.4.2",
            "source": {
                "type": "svn",
                "url": "https://plugins.svn.wordpress.org/imsanity/",
                "reference": "tags/2.4.2"
            },
            "dist": {
                "type": "zip",
                "url": "https://downloads.wordpress.org/plugin/imsanity.2.4.2.zip"
            },
            "require": {
                "composer/installers": "~1.0"
            },
            "type": "wordpress-plugin",
            "homepage": "https://wordpress.org/plugins/imsanity/"
        },
        {
            "name": "wpackagist-plugin/kirki",
            "version": "3.0.39",
            "source": {
                "type": "svn",
                "url": "https://plugins.svn.wordpress.org/kirki/",
                "reference": "tags/3.0.39"
            },
            "dist": {
                "type": "zip",
                "url": "https://downloads.wordpress.org/plugin/kirki.3.0.39.zip"
            },
            "require": {
                "composer/installers": "~1.0"
            },
            "type": "wordpress-plugin",
            "homepage": "https://wordpress.org/plugins/kirki/"
        },
        {
            "name": "wpackagist-plugin/post-duplicator",
            "version": "2.20",
            "source": {
                "type": "svn",
                "url": "https://plugins.svn.wordpress.org/post-duplicator/",
                "reference": "tags/2.20"
            },
            "dist": {
                "type": "zip",
                "url": "https://downloads.wordpress.org/plugin/post-duplicator.2.20.zip"
            },
            "require": {
                "composer/installers": "~1.0"
            },
            "type": "wordpress-plugin",
            "homepage": "https://wordpress.org/plugins/post-duplicator/"
        },
        {
            "name": "wpackagist-plugin/simple-page-ordering",
            "version": "2.3.2",
            "source": {
                "type": "svn",
                "url": "https://plugins.svn.wordpress.org/simple-page-ordering/",
                "reference": "trunk"
            },
            "dist": {
                "type": "zip",
                "url": "https://downloads.wordpress.org/plugin/simple-page-ordering.zip?timestamp=1525806433"
            },
            "require": {
                "composer/installers": "~1.0"
            },
            "type": "wordpress-plugin",
            "homepage": "https://wordpress.org/plugins/simple-page-ordering/"
        },
        {
            "name": "wpackagist-plugin/timber-library",
            "version": "1.9.4",
            "source": {
                "type": "svn",
                "url": "https://plugins.svn.wordpress.org/timber-library/",
                "reference": "tags/1.9.4"
            },
            "dist": {
                "type": "zip",
                "url": "https://downloads.wordpress.org/plugin/timber-library.1.9.4.zip"
            },
            "require": {
                "composer/installers": "~1.0"
            },
            "type": "wordpress-plugin",
            "homepage": "https://wordpress.org/plugins/timber-library/"
        },
        {
            "name": "wpackagist-plugin/wordpress-seo",
            "version": "11.2.1",
            "source": {
                "type": "svn",
                "url": "https://plugins.svn.wordpress.org/wordpress-seo/",
                "reference": "tags/11.2.1"
            },
            "dist": {
                "type": "zip",
                "url": "https://downloads.wordpress.org/plugin/wordpress-seo.11.2.1.zip"
            },
            "require": {
                "composer/installers": "~1.0"
            },
            "type": "wordpress-plugin",
            "homepage": "https://wordpress.org/plugins/wordpress-seo/"
        }
    ],
    "packages-dev": [],
    "aliases": [],
    "minimum-stability": "stable",
    "stability-flags": [],
    "prefer-stable": false,
    "prefer-lowest": false,
    "platform": {
        "php": "^7.1"
    },
    "platform-dev": []
}
